
Microsoft Visual Studio Solution File, Format Version 12.00
# Visual Studio 15
VisualStudioVersion = 15.0.28307.1500
MinimumVisualStudioVersion = 10.0.40219.1
Project("{2150E333-8FDC-42A3-9474-1A3956D46DE8}") = "images", "images", "{25488313-705B-4172-9608-671AFFC843C9}"
EndProject
Project("{2150E333-8FDC-42A3-9474-1A3956D46DE8}") = "stylesheets", "stylesheets", "{AE4901AF-BC48-4D1A-B9A1-6A6A1A7B83AC}"
EndProject
Project("{2150E333-8FDC-42A3-9474-1A3956D46DE8}") = "scripts", "scripts", "{9E54F141-D9CC-4526-809A-9C21FB41A50D}"
EndProject
Global
	GlobalSection(SolutionProperties) = preSolution
		HideSolutionNode = FALSE
	EndGlobalSection
	GlobalSection(ExtensibilityGlobals) = postSolution
		SolutionGuid = {1D37BDC2-98D7-448B-A2F4-3C7B394D424A}
	EndGlobalSection
EndGlobal
